
Microsoft Visual Studio Solution File, Format Version 12.00
# Visual Studio Version 17
VisualStudioVersion = 17.14.36429.23 d17.14
MinimumVisualStudioVersion = 10.0.40219.1
Project("{FAE04EC0-301F-11D3-BF4B-00C04F79EFBC}") = "Michael's CS-330 assignment 5-2", "Michael's CS-330 assignment 5-2\Michael's CS-330 assignment 5-2.csproj", "{BA250865-9812-4820-974B-842985FA12E6}"
EndProject
Global
	GlobalSection(SolutionConfigurationPlatforms) = preSolution
		Debug|Any CPU = Debug|Any CPU
		Release|Any CPU = Release|Any CPU
	EndGlobalSection
	GlobalSection(ProjectConfigurationPlatforms) = postSolution
		{BA250865-9812-4820-974B-842985FA12E6}.Debug|Any CPU.ActiveCfg = Debug|Any CPU
		{BA250865-9812-4820-974B-842985FA12E6}.Debug|Any CPU.Build.0 = Debug|Any CPU
		{BA250865-9812-4820-974B-842985FA12E6}.Release|Any CPU.ActiveCfg = Release|Any CPU
		{BA250865-9812-4820-974B-842985FA12E6}.Release|Any CPU.Build.0 = Release|Any CPU
	EndGlobalSection
	GlobalSection(SolutionProperties) = preSolution
		HideSolutionNode = FALSE
	EndGlobalSection
	GlobalSection(ExtensibilityGlobals) = postSolution
		SolutionGuid = {9D86BB48-BA53-4540-B6C5-30217CC71999}
	EndGlobalSection
EndGlobal
